{
	"requires": true,
	"lockfileVersion": 1,
	"dependencies": {
		"@types/estree": {
			"version": "0.0.38",
			"resolved": "https://registry.npmjs.org/@types/estree/-/estree-0.0.38.tgz",
			"integrity": "sha512-F/v7t1LwS4vnXuPooJQGBRKRGIoxWUTmA4VHfqjOccFsNDThD5bfUNpITive6s352O7o384wcpEaDV8rHCehDA=="
		},
		"@types/jquery": {
			"version": "3.3.1",
			"resolved": "https://registry.npmjs.org/@types/jquery/-/jquery-3.3.1.tgz",
			"integrity": "sha512-N3h+rzN518yl2xKrW0o6KKdNmWZ+OwG6SoM5TBEQFF0tTv5wXPEsoOuYQ2Kt3/89XbcSZUJLdjiT/2c3BR/ApQ=="
		},
		"@types/node": {
			"version": "9.6.6",
			"resolved": "https://registry.npmjs.org/@types/node/-/node-9.6.6.tgz",
			"integrity": "sha512-SJe0g5cZeGNDP5sD8mIX3scb+eq8LQQZ60FXiKZHipYSeEFZ5EKml+NNMiO76F74TY4PoMWlNxF/YRY40FOvZQ=="
		},
		"jquery": {
			"version": "3.3.1",
			"resolved": "https://registry.npmjs.org/jquery/-/jquery-3.3.1.tgz",
			"integrity": "sha512-Ubldcmxp5np52/ENotGxlLe6aGMvmF4R8S6tZjsP6Knsaxd/xp3Zrh50cG93lR6nPXyUFwzN3ZSOQI0wRJNdGg=="
		},
		"rollup": {
			"version": "0.58.2",
			"resolved": "https://registry.npmjs.org/rollup/-/rollup-0.58.2.tgz",
			"integrity": "sha512-RZVvCWm9BHOYloaE6LLiE/ibpjv1CmI8F8k0B0Cp+q1eezo3cswszJH1DN0djgzSlo0hjuuCmyeI+1XOYLl4wg==",
			"requires": {
				"@types/estree": "0.0.38",
				"@types/node": "9.6.6"
			}
		}
	}
}
